{
  "requires": true,
  "lockfileVersion": 1,
  "dependencies": {
    "ray-tracing-renderer": {
      "version": "0.10.15",
      "resolved": "https://registry.npmjs.org/ray-tracing-renderer/-/ray-tracing-renderer-0.10.15.tgz",
      "integrity": "sha512-1/tlCuKBZ392Ih2c61eIf2OIHwU4qVmIzULwQoX3WCHPlEoPhVUKAqJCDdNjZfUnXsraIJDPqCf6haACUZDsXQ=="
    }
  }
}
